
Microsoft Visual Studio Solution File, Format Version 12.00
# Visual Studio Version 16
VisualStudioVersion = 16.0.30717.126
MinimumVisualStudioVersion = 10.0.40219.1
Project("{FAE04EC0-301F-11D3-BF4B-00C04F79EFBC}") = "nosqlwebpage", "nosqlwebpage.csproj", "{C3687543-DFFC-4234-87A9-FA177479FF5C}"
EndProject
Global
	GlobalSection(SolutionConfigurationPlatforms) = preSolution
		Debug|Any CPU = Debug|Any CPU
		Release|Any CPU = Release|Any CPU
	EndGlobalSection
	GlobalSection(ProjectConfigurationPlatforms) = postSolution
		{C3687543-DFFC-4234-87A9-FA177479FF5C}.Debug|Any CPU.ActiveCfg = Debug|Any CPU
		{C3687543-DFFC-4234-87A9-FA177479FF5C}.Debug|Any CPU.Build.0 = Debug|Any CPU
		{C3687543-DFFC-4234-87A9-FA177479FF5C}.Release|Any CPU.ActiveCfg = Release|Any CPU
		{C3687543-DFFC-4234-87A9-FA177479FF5C}.Release|Any CPU.Build.0 = Release|Any CPU
	EndGlobalSection
	GlobalSection(SolutionProperties) = preSolution
		HideSolutionNode = FALSE
	EndGlobalSection
	GlobalSection(ExtensibilityGlobals) = postSolution
		SolutionGuid = {FE804DE1-6540-4605-A9B2-DDAEB92A0596}
	EndGlobalSection
EndGlobal
