
Microsoft Visual Studio Solution File, Format Version 12.00
# Visual Studio Version 16
VisualStudioVersion = 16.0.30717.126
MinimumVisualStudioVersion = 10.0.40219.1
Project("{FAE04EC0-301F-11D3-BF4B-00C04F79EFBC}") = "nosqldatabase-website", "nosqldatabase-website.csproj", "{1062C4B6-D51C-4211-A4A3-1763A5E910B7}"
EndProject
Global
	GlobalSection(SolutionConfigurationPlatforms) = preSolution
		Debug|Any CPU = Debug|Any CPU
		Release|Any CPU = Release|Any CPU
	EndGlobalSection
	GlobalSection(ProjectConfigurationPlatforms) = postSolution
		{1062C4B6-D51C-4211-A4A3-1763A5E910B7}.Debug|Any CPU.ActiveCfg = Debug|Any CPU
		{1062C4B6-D51C-4211-A4A3-1763A5E910B7}.Debug|Any CPU.Build.0 = Debug|Any CPU
		{1062C4B6-D51C-4211-A4A3-1763A5E910B7}.Release|Any CPU.ActiveCfg = Release|Any CPU
		{1062C4B6-D51C-4211-A4A3-1763A5E910B7}.Release|Any CPU.Build.0 = Release|Any CPU
	EndGlobalSection
	GlobalSection(SolutionProperties) = preSolution
		HideSolutionNode = FALSE
	EndGlobalSection
	GlobalSection(ExtensibilityGlobals) = postSolution
		SolutionGuid = {EBFB20E7-6460-4D11-B9CE-CB1CA92F4F9F}
	EndGlobalSection
EndGlobal
